
Microsoft Visual Studio Solution File, Format Version 12.00
# Visual Studio Version 17
VisualStudioVersion = 17.13.35825.156 d17.13
MinimumVisualStudioVersion = 10.0.40219.1
Project("{FAE04EC0-301F-11D3-BF4B-00C04F79EFBC}") = "StartAcademy7", "StartAcademy7.csproj", "{A30EC591-5350-4570-9C3C-DE97C9867C2F}"
EndProject
Global
	GlobalSection(SolutionConfigurationPlatforms) = preSolution
		Debug|Any CPU = Debug|Any CPU
		Release|Any CPU = Release|Any CPU
	EndGlobalSection
	GlobalSection(ProjectConfigurationPlatforms) = postSolution
		{A30EC591-5350-4570-9C3C-DE97C9867C2F}.Debug|Any CPU.ActiveCfg = Debug|Any CPU
		{A30EC591-5350-4570-9C3C-DE97C9867C2F}.Debug|Any CPU.Build.0 = Debug|Any CPU
		{A30EC591-5350-4570-9C3C-DE97C9867C2F}.Release|Any CPU.ActiveCfg = Release|Any CPU
		{A30EC591-5350-4570-9C3C-DE97C9867C2F}.Release|Any CPU.Build.0 = Release|Any CPU
	EndGlobalSection
	GlobalSection(SolutionProperties) = preSolution
		HideSolutionNode = FALSE
	EndGlobalSection
	GlobalSection(ExtensibilityGlobals) = postSolution
		SolutionGuid = {39E64D54-24F1-4923-B660-2B4633D617C7}
	EndGlobalSection
EndGlobal
